// !$*UTF8*$!
{
	archiveVersion = 1;
	classes = {
	};
	objectVersion = 46;
	objects = {

/* Begin PBXBuildFile section */
		B071E7CD1E7A8D8E00BAEFFC /* AppDelegate.swift in Sources */ = {isa = PBXBuildFile; fileRef = B071E7CC1E7A8D8E00BAEFFC /* AppDelegate.swift */; };
		B071E7CF1E7A8D8E00BAEFFC /* ViewController.swift in Sources */ = {isa = PBXBuildFile; fileRef = B071E7CE1E7A8D8E00BAEFFC /* ViewController.swift */; };
		B071E7D21E7A8D8E00BAEFFC /* Main.storyboard in Resources */ = {isa = PBXBuildFile; fileRef = B071E7D01E7A8D8E00BAEFFC /* Main.storyboard */; };
		B071E7D41E7A8D8E00BAEFFC /* Assets.xcassets in Resources */ = {isa = PBXBuildFile; fileRef = B071E7D31E7A8D8E00BAEFFC /* Assets.xcassets */; };
		B071E7D71E7A8D8E00BAEFFC /* LaunchScreen.storyboard in Resources */ = {isa = PBXBuildFile; fileRef = B071E7D51E7A8D8E00BAEFFC /* LaunchScreen.storyboard */; };
		B071E7E21E7A8D8E00BAEFFC /* MeetingTests.swift in Sources */ = {isa = PBXBuildFile; fileRef = B071E7E11E7A8D8E00BAEFFC /* MeetingTests.swift */; };
		B071E7ED1E7A8D8E00BAEFFC /* MeetingUITests.swift in Sources */ = {isa = PBXBuildFile; fileRef = B071E7EC1E7A8D8E00BAEFFC /* MeetingUITests.swift */; };
/* End PBXBuildFile section */

/* Begin PBXContainerItemProxy section */
		B071E7DE1E7A8D8E00BAEFFC /* PBXContainerItemProxy */ = {
			isa = PBXContainerItemProxy;
			containerPortal = B071E7C11E7A8D8E00BAEFFC /* Project object */;
			proxyType = 1;
			remoteGlobalIDString = B071E7C81E7A8D8E00BAEFFC;
			remoteInfo = Meeting;
		};
		B071E7E91E7A8D8E00BAEFFC /* PBXContainerItemProxy */ = {
			isa = PBXContainerItemProxy;
			containerPortal = B071E7C11E7A8D8E00BAEFFC /* Project object */;
			proxyType = 1;
			remoteGlobalIDString = B071E7C81E7A8D8E00BAEFFC;
			remoteInfo = Meeting;
		};
/* End PBXContainerItemProxy section */

/* Begin PBXFileReference section */
		B071E7C91E7A8D8E00BAEFFC /* Meeting.app */ = {isa = PBXFileReference; explicitFileType = wrapper.application; includeInIndex = 0; path = Meeting.app; sourceTree = BUILT_PRODUCTS_DIR; };
		B071E7CC1E7A8D8E00BAEFFC /* AppDelegate.swift */ = {isa = PBXFileReference; lastKnownFileType = sourcecode.swift; path = AppDelegate.swift; sourceTree = "<group>"; };
		B071E7CE1E7A8D8E00BAEFFC /* ViewController.swift */ = {isa = PBXFileReference; lastKnownFileType = sourcecode.swift; path = ViewController.swift; sourceTree = "<group>"; };
		B071E7D11E7A8D8E00BAEFFC /* Base */ = {isa = PBXFileReference; lastKnownFileType = file.storyboard; name = Base; path = Base.lproj/Main.storyboard; sourceTree = "<group>"; };
		B071E7D31E7A8D8E00BAEFFC /* Assets.xcassets */ = {isa = PBXFileReference; lastKnownFileType = folder.assetcatalog; path = Assets.xcassets; sourceTree = "<group>"; };
		B071E7D61E7A8D8E00BAEFFC /* Base */ = {isa = PBXFileReference; lastKnownFileType = file.storyboard; name = Base; path = Base.lproj/LaunchScreen.storyboard; sourceTree = "<group>"; };
		B071E7D81E7A8D8E00BAEFFC /* Info.plist */ = {isa = PBXFileReference; lastKnownFileType = text.plist.xml; path = Info.plist; sourceTree = "<group>"; };
		B071E7DD1E7A8D8E00BAEFFC /* MeetingTests.xctest */ = {isa = PBXFileReference; explicitFileType = wrapper.cfbundle; includeInIndex = 0; path = MeetingTests.xctest; sourceTree = BUILT_PRODUCTS_DIR; };
		B071E7E11E7A8D8E00BAEFFC /* MeetingTests.swift */ = {isa = PBXFileReference; lastKnownFileType = sourcecode.swift; path = MeetingTests.swift; sourceTree = "<group>"; };
		B071E7E31E7A8D8E00BAEFFC /* Info.plist */ = {isa = PBXFileReference; lastKnownFileType = text.plist.xml; path = Info.plist; sourceTree = "<group>"; };
		B071E7E81E7A8D8E00BAEFFC /* MeetingUITests.xctest */ = {isa = PBXFileReference; explicitFileType = wrapper.cfbundle; includeInIndex = 0; path = MeetingUITests.xctest; sourceTree = BUILT_PRODUCTS_DIR; };
		B071E7EC1E7A8D8E00BAEFFC /* MeetingUITests.swift */ = {isa = PBXFileReference; lastKnownFileType = sourcecode.swift; path = MeetingUITests.swift; sourceTree = "<group>"; };
		B071E7EE1E7A8D8E00BAEFFC /* Info.plist */ = {isa = PBXFileReference; lastKnownFileType = text.plist.xml; path = Info.plist; sourceTree = "<group>"; };
/* End PBXFileReference section */

/* Begin PBXFrameworksBuildPhase section */
		B071E7C61E7A8D8E00BAEFFC /* Frameworks */ = {
			isa = PBXFrameworksBuildPhase;
			buildActionMask = 2147483647;
			files = (
			);
			runOnlyForDeploymentPostprocessing = 0;
		};
		B071E7DA1E7A8D8E00BAEFFC /* Frameworks */ = {
			isa = PBXFrameworksBuildPhase;
			buildActionMask = 2147483647;
			files = (
			);
			runOnlyForDeploymentPostprocessing = 0;
		};
		B071E7E51E7A8D8E00BAEFFC /* Frameworks */ = {
			isa = PBXFrameworksBuildPhase;
			buildActionMask = 2147483647;
			files = (
			);
			runOnlyForDeploymentPostprocessing = 0;
		};
/* End PBXFrameworksBuildPhase section */

/* Begin PBXGroup section */
		B071E7C01E7A8D8E00BAEFFC = {
			isa = PBXGroup;
			children = (
				B071E7CB1E7A8D8E00BAEFFC /* Meeting */,
				B071E7E01E7A8D8E00BAEFFC /* MeetingTests */,
				B071E7EB1E7A8D8E00BAEFFC /* MeetingUITests */,
				B071E7CA1E7A8D8E00BAEFFC /* Products */,
			);
			sourceTree = "<group>";
		};
		B071E7CA1E7A8D8E00BAEFFC /* Products */ = {
			isa = PBXGroup;
			children = (
				B071E7C91E7A8D8E00BAEFFC /* Meeting.app */,
				B071E7DD1E7A8D8E00BAEFFC /* MeetingTests.xctest */,
				B071E7E81E7A8D8E00BAEFFC /* MeetingUITests.xctest */,
			);
			name = Products;
			sourceTree = "<group>";
		};
		B071E7CB1E7A8D8E00BAEFFC /* Meeting */ = {
			isa = PBXGroup;
			children = (
				B071E7CC1E7A8D8E00BAEFFC /* AppDelegate.swift */,
				B071E7CE1E7A8D8E00BAEFFC /* ViewController.swift */,
				B071E7D01E7A8D8E00BAEFFC /* Main.storyboard */,
				B071E7D31E7A8D8E00BAEFFC /* Assets.xcassets */,
				B071E7D51E7A8D8E00BAEFFC /* LaunchScreen.storyboard */,
				B071E7D81E7A8D8E00BAEFFC /* Info.plist */,
			);
			path = Meeting;
			sourceTree = "<group>";
		};
		B071E7E01E7A8D8E00BAEFFC /* MeetingTests */ = {
			isa = PBXGroup;
			children = (
				B071E7E11E7A8D8E00BAEFFC /* MeetingTests.swift */,
				B071E7E31E7A8D8E00BAEFFC /* Info.plist */,
			);
			path = MeetingTests;
			sourceTree = "<group>";
		};
		B071E7EB1E7A8D8E00BAEFFC /* MeetingUITests */ = {
			isa = PBXGroup;
			children = (
				B071E7EC1E7A8D8E00BAEFFC /* MeetingUITests.swift */,
				B071E7EE1E7A8D8E00BAEFFC /* Info.plist */,
			);
			path = MeetingUITests;
			sourceTree = "<group>";
		};
/* End PBXGroup section */

/* Begin PBXNativeTarget section */
		B071E7C81E7A8D8E00BAEFFC /* Meeting */ = {
			isa = PBXNativeTarget;
			buildConfigurationList = B071E7F11E7A8D8E00BAEFFC /* Build configuration list for PBXNativeTarget "Meeting" */;
			buildPhases = (
				B071E7C51E7A8D8E00BAEFFC /* Sources */,
				B071E7C61E7A8D8E00BAEFFC /* Frameworks */,
				B071E7C71E7A8D8E00BAEFFC /* Resources */,
			);
			buildRules = (
			);
			dependencies = (
			);
			name = Meeting;
			productName = Meeting;
			productReference = B071E7C91E7A8D8E00BAEFFC /* Meeting.app */;
			productType = "com.apple.product-type.application";
		};
		B071E7DC1E7A8D8E00BAEFFC /* MeetingTests */ = {
			isa = PBXNativeTarget;
			buildConfigurationList = B071E7F41E7A8D8E00BAEFFC /* Build configuration list for PBXNativeTarget "MeetingTests" */;
			buildPhases = (
				B071E7D91E7A8D8E00BAEFFC /* Sources */,
				B071E7DA1E7A8D8E00BAEFFC /* Frameworks */,
				B071E7DB1E7A8D8E00BAEFFC /* Resources */,
			);
			buildRules = (
			);
			dependencies = (
				B071E7DF1E7A8D8E00BAEFFC /* PBXTargetDependency */,
			);
			name = MeetingTests;
			productName = MeetingTests;
			productReference = B071E7DD1E7A8D8E00BAEFFC /* MeetingTests.xctest */;
			productType = "com.apple.product-type.bundle.unit-test";
		};
		B071E7E71E7A8D8E00BAEFFC /* MeetingUITests */ = {
			isa = PBXNativeTarget;
			buildConfigurationList = B071E7F71E7A8D8E00BAEFFC /* Build configuration list for PBXNativeTarget "MeetingUITests" */;
			buildPhases = (
				B071E7E41E7A8D8E00BAEFFC /* Sources */,
				B071E7E51E7A8D8E00BAEFFC /* Frameworks */,
				B071E7E61E7A8D8E00BAEFFC /* Resources */,
			);
			buildRules = (
			);
			dependencies = (
				B071E7EA1E7A8D8E00BAEFFC /* PBXTargetDependency */,
			);
			name = MeetingUITests;
			productName = MeetingUITests;
			productReference = B071E7E81E7A8D8E00BAEFFC /* MeetingUITests.xctest */;
			productType = "com.apple.product-type.bundle.ui-testing";
		};
/* End PBXNativeTarget section */

/* Begin PBXProject section */
		B071E7C11E7A8D8E00BAEFFC /* Project object */ = {
			isa = PBXProject;
			attributes = {
				LastSwiftUpdateCheck = 0820;
				LastUpgradeCheck = 0820;
				ORGANIZATIONNAME = sxq;
				TargetAttributes = {
					B071E7C81E7A8D8E00BAEFFC = {
						CreatedOnToolsVersion = 8.2.1;
						DevelopmentTeam = BZ97D79K7C;
						ProvisioningStyle = Automatic;
					};
					B071E7DC1E7A8D8E00BAEFFC = {
						CreatedOnToolsVersion = 8.2.1;
						DevelopmentTeam = BZ97D79K7C;
						ProvisioningStyle = Automatic;
						TestTargetID = B071E7C81E7A8D8E00BAEFFC;
					};
					B071E7E71E7A8D8E00BAEFFC = {
						CreatedOnToolsVersion = 8.2.1;
						DevelopmentTeam = BZ97D79K7C;
						ProvisioningStyle = Automatic;
						TestTargetID = B071E7C81E7A8D8E00BAEFFC;
					};
				};
			};
			buildConfigurationList = B071E7C41E7A8D8E00BAEFFC /* Build configuration list for PBXProject "Meeting" */;
			compatibilityVersion = "Xcode 3.2";
			developmentRegion = English;
			hasScannedForEncodings = 0;
			knownRegions = (
				en,
				Base,
			);
			mainGroup = B071E7C01E7A8D8E00BAEFFC;
			productRefGroup = B071E7CA1E7A8D8E00BAEFFC /* Products */;
			projectDirPath = "";
			projectRoot = "";
			targets = (
				B071E7C81E7A8D8E00BAEFFC /* Meeting */,
				B071E7DC1E7A8D8E00BAEFFC /* MeetingTests */,
				B071E7E71E7A8D8E00BAEFFC /* MeetingUITests */,
			);
		};
/* End PBXProject section */

/* Begin PBXResourcesBuildPhase section */
		B071E7C71E7A8D8E00BAEFFC /* Resources */ = {
			isa = PBXResourcesBuildPhase;
			buildActionMask = 2147483647;
			files = (
				B071E7D71E7A8D8E00BAEFFC /* LaunchScreen.storyboard in Resources */,
				B071E7D41E7A8D8E00BAEFFC /* Assets.xcassets in Resources */,
				B071E7D21E7A8D8E00BAEFFC /* Main.storyboard in Resources */,
			);
			runOnlyForDeploymentPostprocessing = 0;
		};
		B071E7DB1E7A8D8E00BAEFFC /* Resources */ = {
			isa = PBXResourcesBuildPhase;
			buildActionMask = 2147483647;
			files = (
			);
			runOnlyForDeploymentPostprocessing = 0;
		};
		B071E7E61E7A8D8E00BAEFFC /* Resources */ = {
			isa = PBXResourcesBuildPhase;
			buildActionMask = 2147483647;
			files = (
			);
			runOnlyForDeploymentPostprocessing = 0;
		};
/* End PBXResourcesBuildPhase section */

/* Begin PBXSourcesBuildPhase section */
		B071E7C51E7A8D8E00BAEFFC /* Sources */ = {
			isa = PBXSourcesBuildPhase;
			buildActionMask = 2147483647;
			files = (
				B071E7CF1E7A8D8E00BAEFFC /* ViewController.swift in Sources */,
				B071E7CD1E7A8D8E00BAEFFC /* AppDelegate.swift in Sources */,
			);
			runOnlyForDeploymentPostprocessing = 0;
		};
		B071E7D91E7A8D8E00BAEFFC /* Sources */ = {
			isa = PBXSourcesBuildPhase;
			buildActionMask = 2147483647;
			files = (
				B071E7E21E7A8D8E00BAEFFC /* MeetingTests.swift in Sources */,
			);
			runOnlyForDeploymentPostprocessing = 0;
		};
		B071E7E41E7A8D8E00BAEFFC /* Sources */ = {
			isa = PBXSourcesBuildPhase;
			buildActionMask = 2147483647;
			files = (
				B071E7ED1E7A8D8E00BAEFFC /* MeetingUITests.swift in Sources */,
			);
			runOnlyForDeploymentPostprocessing = 0;
		};
/* End PBXSourcesBuildPhase section */

/* Begin PBXTargetDependency section */
		B071E7DF1E7A8D8E00BAEFFC /* PBXTargetDependency */ = {
			isa = PBXTargetDependency;
			target = B071E7C81E7A8D8E00BAEFFC /* Meeting */;
			targetProxy = B071E7DE1E7A8D8E00BAEFFC /* PBXContainerItemProxy */;
		};
		B071E7EA1E7A8D8E00BAEFFC /* PBXTargetDependency */ = {
			isa = PBXTargetDependency;
			target = B071E7C81E7A8D8E00BAEFFC /* Meeting */;
			targetProxy = B071E7E91E7A8D8E00BAEFFC /* PBXContainerItemProxy */;
		};
/* End PBXTargetDependency section */

/* Begin PBXVariantGroup section */
		B071E7D01E7A8D8E00BAEFFC /* Main.storyboard */ = {
			isa = PBXVariantGroup;
			children = (
				B071E7D11E7A8D8E00BAEFFC /* Base */,
			);
			name = Main.storyboard;
			sourceTree = "<group>";
		};
		B071E7D51E7A8D8E00BAEFFC /* LaunchScreen.storyboard */ = {
			isa = PBXVariantGroup;
			children = (
				B071E7D61E7A8D8E00BAEFFC /* Base */,
			);
			name = LaunchScreen.storyboard;
			sourceTree = "<group>";
		};
/* End PBXVariantGroup section */

/* Begin XCBuildConfiguration section */
		B071E7EF1E7A8D8E00BAEFFC /* Debug */ = {
			isa = XCBuildConfiguration;
			buildSettings = {
				ALWAYS_SEARCH_USER_PATHS = NO;
				CLANG_ANALYZER_NONNULL = YES;
				CLANG_CXX_LANGUAGE_STANDARD = "gnu++0x";
				CLANG_CXX_LIBRARY = "libc++";
				CLANG_ENABLE_MODULES = YES;
				CLANG_ENABLE_OBJC_ARC = YES;
				CLANG_WARN_BOOL_CONVERSION = YES;
				CLANG_WARN_CONSTANT_CONVERSION = YES;
				CLANG_WARN_DIRECT_OBJC_ISA_USAGE = YES_ERROR;
				CLANG_WARN_DOCUMENTATION_COMMENTS = YES;
				CLANG_WARN_EMPTY_BODY = YES;
				CLANG_WARN_ENUM_CONVERSION = YES;
				CLANG_WARN_INFINITE_RECURSION = YES;
				CLANG_WARN_INT_CONVERSION = YES;
				CLANG_WARN_OBJC_ROOT_CLASS = YES_ERROR;
				CLANG_WARN_SUSPICIOUS_MOVE = YES;
				CLANG_WARN_UNREACHABLE_CODE = YES;
				CLANG_WARN__DUPLICATE_METHOD_MATCH = YES;
				"CODE_SIGN_IDENTITY[sdk=iphoneos*]" = "iPhone Developer";
				COPY_PHASE_STRIP = NO;
				DEBUG_INFORMATION_FORMAT = dwarf;
				ENABLE_STRICT_OBJC_MSGSEND = YES;
				ENABLE_TESTABILITY = YES;
				GCC_C_LANGUAGE_STANDARD = gnu99;
				GCC_DYNAMIC_NO_PIC = NO;
				GCC_NO_COMMON_BLOCKS = YES;
				GCC_OPTIMIZATION_LEVEL = 0;
				GCC_PREPROCESSOR_DEFINITIONS = (
					"DEBUG=1",
					"$(inherited)",
				);
				GCC_WARN_64_TO_32_BIT_CONVERSION = YES;
				GCC_WARN_ABOUT_RETURN_TYPE = YES_ERROR;
				GCC_WARN_UNDECLARED_SELECTOR = YES;
				GCC_WARN_UNINITIALIZED_AUTOS = YES_AGGRESSIVE;
				GCC_WARN_UNUSED_FUNCTION = YES;
				GCC_WARN_UNUSED_VARIABLE = YES;
				IPHONEOS_DEPLOYMENT_TARGET = 10.2;
				MTL_ENABLE_DEBUG_INFO = YES;
				ONLY_ACTIVE_ARCH = YES;
				SDKROOT = iphoneos;
				SWIFT_ACTIVE_COMPILATION_CONDITIONS = DEBUG;
				SWIFT_OPTIMIZATION_LEVEL = "-Onone";
				TARGETED_DEVICE_FAMILY = "1,2";
			};
			name = Debug;
		};
		B071E7F01E7A8D8E00BAEFFC /* Release */ = {
			isa = XCBuildConfiguration;
			buildSettings = {
				ALWAYS_SEARCH_USER_PATHS = NO;
				CLANG_ANALYZER_NONNULL = YES;
				CLANG_CXX_LANGUAGE_STANDARD = "gnu++0x";
				CLANG_CXX_LIBRARY = "libc++";
				CLANG_ENABLE_MODULES = YES;
				CLANG_ENABLE_OBJC_ARC = YES;
				CLANG_WARN_BOOL_CONVERSION = YES;
				CLANG_WARN_CONSTANT_CONVERSION = YES;
				CLANG_WARN_DIRECT_OBJC_ISA_USAGE = YES_ERROR;
				CLANG_WARN_DOCUMENTATION_COMMENTS = YES;
				CLANG_WARN_EMPTY_BODY = YES;
				CLANG_WARN_ENUM_CONVERSION = YES;
				CLANG_WARN_INFINITE_RECURSION = YES;
				CLANG_WARN_INT_CONVERSION = YES;
				CLANG_WARN_OBJC_ROOT_CLASS = YES_ERROR;
				CLANG_WARN_SUSPICIOUS_MOVE = YES;
				CLANG_WARN_UNREACHABLE_CODE = YES;
				CLANG_WARN__DUPLICATE_METHOD_MATCH = YES;
				"CODE_SIGN_IDENTITY[sdk=iphoneos*]" = "iPhone Developer";
				COPY_PHASE_STRIP = NO;
				DEBUG_INFORMATION_FORMAT = "dwarf-with-dsym";
				ENABLE_NS_ASSERTIONS = NO;
				ENABLE_STRICT_OBJC_MSGSEND = YES;
				GCC_C_LANGUAGE_STANDARD = gnu99;
				GCC_NO_COMMON_BLOCKS = YES;
				GCC_WARN_64_TO_32_BIT_CONVERSION = YES;
				GCC_WARN_ABOUT_RETURN_TYPE = YES_ERROR;
				GCC_WARN_UNDECLARED_SELECTOR = YES;
				GCC_WARN_UNINITIALIZED_AUTOS = YES_AGGRESSIVE;
				GCC_WARN_UNUSED_FUNCTION = YES;
				GCC_WARN_UNUSED_VARIABLE = YES;
				IPHONEOS_DEPLOYMENT_TARGET = 10.2;
				MTL_ENABLE_DEBUG_INFO = NO;
				SDKROOT = iphoneos;
				SWIFT_OPTIMIZATION_LEVEL = "-Owholemodule";
				TARGETED_DEVICE_FAMILY = "1,2";
				VALIDATE_PRODUCT = YES;
			};
			name = Release;
		};
		B071E7F21E7A8D8E00BAEFFC /* Debug */ = {
			isa = XCBuildConfiguration;
			buildSettings = {
				ASSETCATALOG_COMPILER_APPICON_NAME = AppIcon;
				DEVELOPMENT_TEAM = BZ97D79K7C;
				INFOPLIST_FILE = Meeting/Info.plist;
				LD_RUNPATH_SEARCH_PATHS = "$(inherited) @executable_path/Frameworks";
				PRODUCT_BUNDLE_IDENTIFIER = sxq.Meeting;
				PRODUCT_NAME = "$(TARGET_NAME)";
				SWIFT_VERSION = 3.0;
			};
			name = Debug;
		};
		B071E7F31E7A8D8E00BAEFFC /* Release */ = {
			isa = XCBuildConfiguration;
			buildSettings = {
				ASSETCATALOG_COMPILER_APPICON_NAME = AppIcon;
				DEVELOPMENT_TEAM = BZ97D79K7C;
				INFOPLIST_FILE = Meeting/Info.plist;
				LD_RUNPATH_SEARCH_PATHS = "$(inherited) @executable_path/Frameworks";
				PRODUCT_BUNDLE_IDENTIFIER = sxq.Meeting;
				PRODUCT_NAME = "$(TARGET_NAME)";
				SWIFT_VERSION = 3.0;
			};
			name = Release;
		};
		B071E7F51E7A8D8E00BAEFFC /* Debug */ = {
			isa = XCBuildConfiguration;
			buildSettings = {
				ALWAYS_EMBED_SWIFT_STANDARD_LIBRARIES = YES;
				BUNDLE_LOADER = "$(TEST_HOST)";
				DEVELOPMENT_TEAM = BZ97D79K7C;
				INFOPLIST_FILE = MeetingTests/Info.plist;
				LD_RUNPATH_SEARCH_PATHS = "$(inherited) @executable_path/Frameworks @loader_path/Frameworks";
				PRODUCT_BUNDLE_IDENTIFIER = sxq.MeetingTests;
				PRODUCT_NAME = "$(TARGET_NAME)";
				SWIFT_VERSION = 3.0;
				TEST_HOST = "$(BUILT_PRODUCTS_DIR)/Meeting.app/Meeting";
			};
			name = Debug;
		};
		B071E7F61E7A8D8E00BAEFFC /* Release */ = {
			isa = XCBuildConfiguration;
			buildSettings = {
				ALWAYS_EMBED_SWIFT_STANDARD_LIBRARIES = YES;
				BUNDLE_LOADER = "$(TEST_HOST)";
				DEVELOPMENT_TEAM = BZ97D79K7C;
				INFOPLIST_FILE = MeetingTests/Info.plist;
				LD_RUNPATH_SEARCH_PATHS = "$(inherited) @executable_path/Frameworks @loader_path/Frameworks";
				PRODUCT_BUNDLE_IDENTIFIER = sxq.MeetingTests;
				PRODUCT_NAME = "$(TARGET_NAME)";
				SWIFT_VERSION = 3.0;
				TEST_HOST = "$(BUILT_PRODUCTS_DIR)/Meeting.app/Meeting";
			};
			name = Release;
		};
		B071E7F81E7A8D8E00BAEFFC /* Debug */ = {
			isa = XCBuildConfiguration;
			buildSettings = {
				ALWAYS_EMBED_SWIFT_STANDARD_LIBRARIES = YES;
				DEVELOPMENT_TEAM = BZ97D79K7C;
				INFOPLIST_FILE = MeetingUITests/Info.plist;
				LD_RUNPATH_SEARCH_PATHS = "$(inherited) @executable_path/Frameworks @loader_path/Frameworks";
				PRODUCT_BUNDLE_IDENTIFIER = sxq.MeetingUITests;
				PRODUCT_NAME = "$(TARGET_NAME)";
				SWIFT_VERSION = 3.0;
				TEST_TARGET_NAME = Meeting;
			};
			name = Debug;
		};
		B071E7F91E7A8D8E00BAEFFC /* Release */ = {
			isa = XCBuildConfiguration;
			buildSettings = {
				ALWAYS_EMBED_SWIFT_STANDARD_LIBRARIES = YES;
				DEVELOPMENT_TEAM = BZ97D79K7C;
				INFOPLIST_FILE = MeetingUITests/Info.plist;
				LD_RUNPATH_SEARCH_PATHS = "$(inherited) @executable_path/Frameworks @loader_path/Frameworks";
				PRODUCT_BUNDLE_IDENTIFIER = sxq.MeetingUITests;
				PRODUCT_NAME = "$(TARGET_NAME)";
				SWIFT_VERSION = 3.0;
				TEST_TARGET_NAME = Meeting;
			};
			name = Release;
		};
/* End XCBuildConfiguration section */

/* Begin XCConfigurationList section */
		B071E7C41E7A8D8E00BAEFFC /* Build configuration list for PBXProject "Meeting" */ = {
			isa = XCConfigurationList;
			buildConfigurations = (
				B071E7EF1E7A8D8E00BAEFFC /* Debug */,
				B071E7F01E7A8D8E00BAEFFC /* Release */,
			);
			defaultConfigurationIsVisible = 0;
			defaultConfigurationName = Release;
		};
		B071E7F11E7A8D8E00BAEFFC /* Build configuration list for PBXNativeTarget "Meeting" */ = {
			isa = XCConfigurationList;
			buildConfigurations = (
				B071E7F21E7A8D8E00BAEFFC /* Debug */,
				B071E7F31E7A8D8E00BAEFFC /* Release */,
			);
			defaultConfigurationIsVisible = 0;
		};
		B071E7F41E7A8D8E00BAEFFC /* Build configuration list for PBXNativeTarget "MeetingTests" */ = {
			isa = XCConfigurationList;
			buildConfigurations = (
				B071E7F51E7A8D8E00BAEFFC /* Debug */,
				B071E7F61E7A8D8E00BAEFFC /* Release */,
			);
			defaultConfigurationIsVisible = 0;
		};
		B071E7F71E7A8D8E00BAEFFC /* Build configuration list for PBXNativeTarget "MeetingUITests" */ = {
			isa = XCConfigurationList;
			buildConfigurations = (
				B071E7F81E7A8D8E00BAEFFC /* Debug */,
				B071E7F91E7A8D8E00BAEFFC /* Release */,
			);
			defaultConfigurationIsVisible = 0;
		};
/* End XCConfigurationList section */
	};
	rootObject = B071E7C11E7A8D8E00BAEFFC /* Project object */;
}
